
Microsoft Visual Studio Solution File, Format Version 12.00
# Visual Studio 14
VisualStudioVersion = 14.0.23107.0
MinimumVisualStudioVersion = 10.0.40219.1
Project("{FAE04EC0-301F-11D3-BF4B-00C04F79EFBC}") = "apack", "apack_v0_9\apack.csproj", "{42719142-06E3-4E9A-8AC9-FAE65F40824A}"
EndProject
Global
	GlobalSection(SolutionConfigurationPlatforms) = preSolution
		Debug|Any CPU = Debug|Any CPU
		Release|Any CPU = Release|Any CPU
	EndGlobalSection
	GlobalSection(ProjectConfigurationPlatforms) = postSolution
		{42719142-06E3-4E9A-8AC9-FAE65F40824A}.Debug|Any CPU.ActiveCfg = Debug|Any CPU
		{42719142-06E3-4E9A-8AC9-FAE65F40824A}.Debug|Any CPU.Build.0 = Debug|Any CPU
		{42719142-06E3-4E9A-8AC9-FAE65F40824A}.Release|Any CPU.ActiveCfg = Release|Any CPU
		{42719142-06E3-4E9A-8AC9-FAE65F40824A}.Release|Any CPU.Build.0 = Release|Any CPU
	EndGlobalSection
	GlobalSection(SolutionProperties) = preSolution
		HideSolutionNode = FALSE
	EndGlobalSection
EndGlobal
